
Microsoft Visual Studio Solution File, Format Version 12.00
# Visual Studio Version 17
VisualStudioVersion = 17.13.35806.99
MinimumVisualStudioVersion = 10.0.40219.1
Project("{FAE04EC0-301F-11D3-BF4B-00C04F79EFBC}") = "API", "API.csproj", "{994B19C5-522F-4F34-B8B2-89EFCBC2F39A}"
EndProject
Project("{FAE04EC0-301F-11D3-BF4B-00C04F79EFBC}") = "Services", "..\Servises\Services.csproj", "{98ED182C-BCF7-4E00-B3E6-B4068D16906E}"
EndProject
Project("{FAE04EC0-301F-11D3-BF4B-00C04F79EFBC}") = "Models", "..\Model\Models.csproj", "{0917F298-9D70-4631-8C69-57D2A5BC278F}"
EndProject
Global
	GlobalSection(SolutionConfigurationPlatforms) = preSolution
		Debug|Any CPU = Debug|Any CPU
		Release|Any CPU = Release|Any CPU
	EndGlobalSection
	GlobalSection(ProjectConfigurationPlatforms) = postSolution
		{994B19C5-522F-4F34-B8B2-89EFCBC2F39A}.Debug|Any CPU.ActiveCfg = Debug|Any CPU
		{994B19C5-522F-4F34-B8B2-89EFCBC2F39A}.Debug|Any CPU.Build.0 = Debug|Any CPU
		{994B19C5-522F-4F34-B8B2-89EFCBC2F39A}.Release|Any CPU.ActiveCfg = Release|Any CPU
		{994B19C5-522F-4F34-B8B2-89EFCBC2F39A}.Release|Any CPU.Build.0 = Release|Any CPU
		{98ED182C-BCF7-4E00-B3E6-B4068D16906E}.Debug|Any CPU.ActiveCfg = Debug|Any CPU
		{98ED182C-BCF7-4E00-B3E6-B4068D16906E}.Debug|Any CPU.Build.0 = Debug|Any CPU
		{98ED182C-BCF7-4E00-B3E6-B4068D16906E}.Release|Any CPU.ActiveCfg = Release|Any CPU
		{98ED182C-BCF7-4E00-B3E6-B4068D16906E}.Release|Any CPU.Build.0 = Release|Any CPU
		{0917F298-9D70-4631-8C69-57D2A5BC278F}.Debug|Any CPU.ActiveCfg = Debug|Any CPU
		{0917F298-9D70-4631-8C69-57D2A5BC278F}.Debug|Any CPU.Build.0 = Debug|Any CPU
		{0917F298-9D70-4631-8C69-57D2A5BC278F}.Release|Any CPU.ActiveCfg = Release|Any CPU
		{0917F298-9D70-4631-8C69-57D2A5BC278F}.Release|Any CPU.Build.0 = Release|Any CPU
	EndGlobalSection
	GlobalSection(SolutionProperties) = preSolution
		HideSolutionNode = FALSE
	EndGlobalSection
	GlobalSection(ExtensibilityGlobals) = postSolution
		SolutionGuid = {E2E61BB4-BCDF-4056-998C-773D41F9D79D}
	EndGlobalSection
EndGlobal
